{
  "name": "finlex",
  "lockfileVersion": 3,
  "requires": true,
  "packages": {
    "": {
      "dependencies": {
        "@sentry/react": "^10.34.0"
      }
    },
    "node_modules/@sentry-internal/browser-utils": {
      "version": "10.34.0",
      "resolved": "https://registry.npmjs.org/@sentry-internal/browser-utils/-/browser-utils-10.34.0.tgz",
      "integrity": "sha512-0YNr60rGHyedmwkO0lbDBjNx2KAmT3kWamjaqu7Aw+jsESoPLgt+fzaTVvUBvkftBDui2PeTSzXm/nqzssctYg==",
      "license": "MIT",
      "dependencies": {
        "@sentry/core": "10.34.0"
      },
      "engines": {
        "node": ">=18"
      }
    },
    "node_modules/@sentry-internal/feedback": {
      "version": "10.34.0",
      "resolved": "https://registry.npmjs.org/@sentry-internal/feedback/-/feedback-10.34.0.tgz",
      "integrity": "sha512-wgGnq+iNxsFSOe9WX/FOvtoItSTjgLJJ4dQkVYtcVM6WGBVIg4wgNYfECCnRNztUTPzpZHLjC9r+4Pym451DDQ==",
      "license": "MIT",
      "dependencies": {
        "@sentry/core": "10.34.0"
      },
      "engines": {
        "node": ">=18"
      }
    },
    "node_modules/@sentry-internal/replay": {
      "version": "10.34.0",
      "resolved": "https://registry.npmjs.org/@sentry-internal/replay/-/replay-10.34.0.tgz",
      "integrity": "sha512-Vmea0GcOg57z/S1bVSj3saFcRvDqdLzdy4wd9fQMpMgy5OCbTlo7lxVUndKzbcZnanma6zF6VxwnWER1WuN9RA==",
      "license": "MIT",
      "dependencies": {
        "@sentry-internal/browser-utils": "10.34.0",
        "@sentry/core": "10.34.0"
      },
      "engines": {
        "node": ">=18"
      }
    },
    "node_modules/@sentry-internal/replay-canvas": {
      "version": "10.34.0",
      "resolved": "https://registry.npmjs.org/@sentry-internal/replay-canvas/-/replay-canvas-10.34.0.tgz",
      "integrity": "sha512-XWH/9njtgMD+LLWjc4KKgBpb+dTCkoUEIFDxcvzG/87d+jirmzf0+r8EfpLwKG+GrqNiiGRV39zIqu0SfPl+cw==",
      "license": "MIT",
      "dependencies": {
        "@sentry-internal/replay": "10.34.0",
        "@sentry/core": "10.34.0"
      },
      "engines": {
        "node": ">=18"
      }
    },
    "node_modules/@sentry/browser": {
      "version": "10.34.0",
      "resolved": "https://registry.npmjs.org/@sentry/browser/-/browser-10.34.0.tgz",
      "integrity": "sha512-8WCsAXli5Z+eIN8dMY8KGQjrS3XgUp1np/pjdeWNrVPVR8q8XpS34qc+f+y/LFrYQC9bs2Of5aIBwRtDCIvRsg==",
      "license": "MIT",
      "dependencies": {
        "@sentry-internal/browser-utils": "10.34.0",
        "@sentry-internal/feedback": "10.34.0",
        "@sentry-internal/replay": "10.34.0",
        "@sentry-internal/replay-canvas": "10.34.0",
        "@sentry/core": "10.34.0"
      },
      "engines": {
        "node": ">=18"
      }
    },
    "node_modules/@sentry/core": {
      "version": "10.34.0",
      "resolved": "https://registry.npmjs.org/@sentry/core/-/core-10.34.0.tgz",
      "integrity": "sha512-4FFpYBMf0VFdPcsr4grDYDOR87mRu6oCfb51oQjU/Pndmty7UgYo0Bst3LEC/8v0SpytBtzXq+Wx/fkwulBesg==",
      "license": "MIT",
      "engines": {
        "node": ">=18"
      }
    },
    "node_modules/@sentry/react": {
      "version": "10.34.0",
      "resolved": "https://registry.npmjs.org/@sentry/react/-/react-10.34.0.tgz",
      "integrity": "sha512-LDpg9WDrEwo6lr/YOAA54id/g5D1PGKEIiOGxqRZbBVyjzrsquwzhSG2CMqnp+YO6lz/r96LWuqm2cvfpht2zA==",
      "license": "MIT",
      "dependencies": {
        "@sentry/browser": "10.34.0",
        "@sentry/core": "10.34.0"
      },
      "engines": {
        "node": ">=18"
      },
      "peerDependencies": {
        "react": "^16.14.0 || 17.x || 18.x || 19.x"
      }
    },
    "node_modules/react": {
      "version": "19.2.3",
      "resolved": "https://registry.npmjs.org/react/-/react-19.2.3.tgz",
      "integrity": "sha512-Ku/hhYbVjOQnXDZFv2+RibmLFGwFdeeKHFcOTlrt7xplBnya5OGn/hIRDsqDiSUcfORsDC7MPxwork8jBwsIWA==",
      "license": "MIT",
      "peer": true,
      "engines": {
        "node": ">=0.10.0"
      }
    }
  }
}
